<?xml version="1.0" encoding="UTF-8" standalone="yes" ?>
<CodeBlocks_project_file>
	<FileVersion major="1" minor="6" />
	<Project>
		<Option title="SMB" />
		<Option pch_mode="2" />
		<Option compiler="gcc" />
		<Build>
			<Target title="Debug">
				<Option output="bin/Debug/SMB" prefix_auto="1" extension_auto="1" />
				<Option object_output="obj/Debug/" />
				<Option type="1" />
				<Option compiler="gcc" />
				<Compiler>
					<Add option="-g" />
				</Compiler>
			</Target>
			<Target title="Release">
				<Option output="bin/Release/SMB" prefix_auto="1" extension_auto="1" />
				<Option object_output="obj/Release/" />
				<Option type="1" />
				<Option compiler="gcc" />
				<Compiler>
					<Add option="-O2" />
				</Compiler>
				<Linker>
					<Add option="-s" />
				</Linker>
			</Target>
		</Build>
		<Compiler>
			<Add option="-Wall" />
			<Add option="-fexceptions" />
			<Add directory="D:/Code Blocks/GamLib 6.0" />
			<Add directory="D:/glew-2.1.0/include/GL" />
			<Add directory="D:/glm-master/glm" />
			<Add directory="../../SDL2_image-2.0.0/x86_64-w64-mingw32/include/SDL2" />
			<Add directory="D:/SDL2_mixer-2.0.0/x86_64-w64-mingw32/include/SDL2" />
			<Add directory="D:/SDL2-2.26.5/x86_64-w64-mingw32/include/SDL2" />
		</Compiler>
		<Linker>
			<Add option="-lmingw32" />
			<Add option="-lSDL2main" />
			<Add option="-lSDL2" />
			<Add option="-lSDL2_image" />
			<Add option="-lSDL2_mixer" />
			<Add option="-lopengl32" />
			<Add option="-lglu32" />
			<Add option="-lglew32" />
			<Add option="-lglew32s" />
			<Add library="D:/Code Blocks/GamLib 6.0/bin/Debug/libGamLib 6.a" />
			<Add directory="D:/Code Blocks/GamLib 6.0/bin/Debug" />
			<Add directory="D:/glew-2.1.0/lib/Release/x64" />
			<Add directory="D:/SDL2_image-2.0.0/x86_64-w64-mingw32/lib" />
			<Add directory="D:/SDL2_mixer-2.0.0/x86_64-w64-mingw32/lib" />
			<Add directory="D:/SDL2-2.26.5/x86_64-w64-mingw32/lib" />
		</Linker>
		<Unit filename="Assets/Shaders/Rendererlog.txt" />
		<Unit filename="Assets/Shaders/shaderlog.txt" />
		<Unit filename="Assets/Shaders/texRect.vp" />
		<Unit filename="Assets/Shaders/textRect.fp" />
		<Unit filename="Globals.h" />
		<Unit filename="Goomba.cpp" />
		<Unit filename="Goomba.h" />
		<Unit filename="Mario.cpp" />
		<Unit filename="Mario.h" />
		<Unit filename="Piranha.cpp" />
		<Unit filename="Piranha.h" />
		<Unit filename="Super Mario Bros.cpp" />
		<Unit filename="SuperMarioBros.h" />
		<Unit filename="Troopa.cpp" />
		<Unit filename="Troopa.h" />
		<Unit filename="World11.cpp" />
		<Unit filename="World11.h" />
		<Unit filename="World11Map.h" />
		<Unit filename="main.cpp" />
		<Unit filename="stdafx.h" />
		<Extensions>
			<lib_finder disable_auto="1" />
		</Extensions>
	</Project>
</CodeBlocks_project_file>
