<?xml version="1.0" encoding="UTF-8" standalone="yes" ?>
<CodeBlocks_project_file>
	<FileVersion major="1" minor="6" />
	<Project>
		<Option title="SMB" />
		<Option pch_mode="2" />
		<Option compiler="gcc" />
		<Build>
			<Target title="Debug">
				<Option output="bin/Debug/SMB" prefix_auto="1" extension_auto="1" />
				<Option working_dir="/home/francis/Documents/Code Blocks/SMB" />
				<Option object_output="obj/Debug/" />
				<Option type="1" />
				<Option compiler="gcc" />
				<Compiler>
					<Add option="-g" />
				</Compiler>
			</Target>
			<Target title="Release">
				<Option output="bin/Release/SMB" prefix_auto="1" extension_auto="1" />
				<Option working_dir="/home/francis/Documents/Code Blocks/SMB" />
				<Option object_output="obj/Release/" />
				<Option type="0" />
				<Option compiler="gcc" />
				<Compiler>
					<Add option="-O2" />
				</Compiler>
				<Linker>
					<Add option="-s" />
				</Linker>
			</Target>
		</Build>
		<Compiler>
			<Add option="-Wall" />
			<Add option="-std=c11" />
			<Add option="-fexceptions" />
			<Add directory="/home/francis/Documents/Code Blocks/GamLib" />
		</Compiler>
		<Linker>
			<Add library="GL" />
			<Add library="X11" />
			<Add library="SDL2" />
			<Add library="SDL2_image" />
			<Add library="SDL2_mixer" />
			<Add library="GLU" />
			<Add library="SDL2_ttf" />
			<Add library="GLEW" />
			<Add library="glut" />
			<Add library="/home/francis/Documents/Code Blocks/GamLib/bin/Debug/libGamLib.so" />
			<Add library="OpenGL" />
		</Linker>
		<Unit filename="Assets/BGM/01 - Super Mario Bros.mp3" />
		<Unit filename="Assets/BGM/02 - Invincibility Star.mp3" />
		<Unit filename="Assets/BGM/03 - Hurry - Super Mario Bros.mp3" />
		<Unit filename="Assets/BGM/04 - Area Clear.mp3" />
		<Unit filename="Assets/BGM/05 - Warp Pipe.mp3" />
		<Unit filename="Assets/BGM/06 - Underground.mp3" />
		<Unit filename="Assets/BGM/07 - Hurry - Underground.mp3" />
		<Unit filename="Assets/BGM/08 - Water World.mp3" />
		<Unit filename="Assets/BGM/09 - Hurry - Water World.mp3" />
		<Unit filename="Assets/BGM/10 - King Koopa&apos;s Castle.mp3" />
		<Unit filename="Assets/BGM/11 - Hurry - Castle.mp3" />
		<Unit filename="Assets/BGM/12 - World Clear.mp3" />
		<Unit filename="Assets/BGM/13 - Ending.mp3" />
		<Unit filename="Assets/BGM/14 - 1-Up.mp3" />
		<Unit filename="Assets/BGM/16 - Game Over.mp3" />
		<Unit filename="Assets/BGM/1up.wav" />
		<Unit filename="Assets/BGM/AlbumArtSmall.jpg" />
		<Unit filename="Assets/BGM/Folder.jpg" />
		<Unit filename="Assets/SFX/Beep.wav" />
		<Unit filename="Assets/SFX/Big Jump.wav" />
		<Unit filename="Assets/SFX/Bowser Die.wav" />
		<Unit filename="Assets/SFX/Break.wav" />
		<Unit filename="Assets/SFX/Bump.wav" />
		<Unit filename="Assets/SFX/Coin.wav" />
		<Unit filename="Assets/SFX/Die.wav" />
		<Unit filename="Assets/SFX/Enemy Fire.wav" />
		<Unit filename="Assets/SFX/Fire Ball.wav" />
		<Unit filename="Assets/SFX/Flagpole.wav" />
		<Unit filename="Assets/SFX/Game Over.wav" />
		<Unit filename="Assets/SFX/Item.wav" />
		<Unit filename="Assets/SFX/Jump.wav" />
		<Unit filename="Assets/SFX/Kick.wav" />
		<Unit filename="Assets/SFX/Pause.wav" />
		<Unit filename="Assets/SFX/Powerup.wav" />
		<Unit filename="Assets/SFX/Skid.wav" />
		<Unit filename="Assets/SFX/Squish.wav" />
		<Unit filename="Assets/SFX/Thwomp.wav" />
		<Unit filename="Assets/SFX/Vine.wav" />
		<Unit filename="Assets/SFX/Warp.wav" />
		<Unit filename="Assets/Shaders/Rendererlog.txt" />
		<Unit filename="Assets/Shaders/shaderlog.txt" />
		<Unit filename="Assets/Shaders/texRect.vp" />
		<Unit filename="Assets/Shaders/textRect.fp" />
		<Unit filename="Globals.h" />
		<Unit filename="Goomba.cpp" />
		<Unit filename="Goomba.h" />
		<Unit filename="Mario.cpp" />
		<Unit filename="Mario.h" />
		<Unit filename="Piranha.cpp" />
		<Unit filename="Piranha.h" />
		<Unit filename="Super Mario Bros.cpp" />
		<Unit filename="SuperMarioBros.h" />
		<Unit filename="Troopa.cpp" />
		<Unit filename="Troopa.h" />
		<Unit filename="World11.cpp" />
		<Unit filename="World11.h" />
		<Unit filename="World11Map.h" />
		<Unit filename="main.cpp" />
		<Unit filename="stdafx.h" />
		<Extensions>
			<lib_finder disable_auto="1" />
		</Extensions>
	</Project>
</CodeBlocks_project_file>
